github.com/go-chi/chi/v5 v5.2.1 h1:KOIHODQj58PmL80G2Eak4WdvUzjSJSm0vG72crDCqb8=
github.com/go-chi/chi/v5 v5.2.1/go.mod h1:L2yAIGWB3H+phAw1NxKwWM+7eUH/lU8pOMm5hHcoops=
github.com/goccy/go-yaml v1.18.0 h1:8W7wMFS12Pcas7KU+VVkaiCng+kG8QiFeFwzFb+rwuw=
github.com/goccy/go-yaml v1.18.0/go.mod h1:XBurs7gK8ATbW4ZPGKgcbrY1Br56PdM69F7LkFRi1kA=
github.com/joho/godotenv v1.5.1 h1:7eLL/+HRGLY0ldzfGMeQkb7vMd0as4CfYvUVzLqw0N0=
github.com/joho/godotenv v1.5.1/go.mod h1:f4LDr5Voq0i2e/R5DDNOoa2zzDfwtkZa6DnEwAbqwq4=
github.com/rusq/chttp v1.1.0 h1:lfUALJ51uRLgb4tc7joXFOgz9pzKBmc4vGq0UDu3dmk=
github.com/rusq/chttp v1.1.0/go.mod h1:bmuoQMUFs9fmigUmT7xbp8s0rHyzUrf7+78yLklr1so=
github.com/rusq/dlog v1.4.0 h1:64oHTSzHjzG6TXKvMbPKQzvqADCZRn6XgAWnp7ASr5k=
github.com/rusq/dlog v1.4.0/go.mod h1:kjZAEvBu7m3+mnJQKoIeLul1YB3kJq/6lZBdDTZmpzA=
github.com/rusq/osenv/v2 v2.0.1 h1:1LtNt8VNV/W86wb38Hyu5W3Rwqt/F1JNRGE+8GRu09o=
github.com/rusq/osenv/v2 v2.0.1/go.mod h1:+wJBSisjNZpfoD961JzqjaM+PtaqSusO3b4oVJi7TFY=
github.com/rusq/secure v0.0.4 h1:svpiZHfHnx89eEDCCFI9OXG1Y8hL9kUWUG6fJbrWUOI=
github.com/rusq/secure v0.0.4/go.mod h1:F1QilMKreuFRjov0UY7DZSIXn77/8RqMVGu2zV0RtqY=
golang.org/x/crypto v0.39.0 h1:SHs+kF4LP+f+p14esP5jAoDpHU8Gu/v9lFRK6IT5imM=
golang.org/x/crypto v0.39.0/go.mod h1:L+Xg3Wf6HoL4Bn4238Z6ft6KfEpN0tJGo53AAPC632U=
golang.org/x/net v0.41.0 h1:vBTly1HeNPEn3wtREYfy4GZ/NECgw2Cnl+nK6Nz3uvw=
golang.org/x/net v0.41.0/go.mod h1:B/K4NNqkfmg07DQYrbwvSluqCJOOXwUjeb/5lOisjbA=
